
Microsoft Visual Studio Solution File, Format Version 12.00
# Visual Studio 15
VisualStudioVersion = 15.0.27130.2020
MinimumVisualStudioVersion = 10.0.40219.1
Project("{FAE04EC0-301F-11D3-BF4B-00C04F79EFBC}") = "Patterns.Core", "Patterns.Core\Patterns.Core.csproj", "{F09D8F06-94E8-4E47-A755-CDF1A5A95C2A}"
EndProject
Project("{FAE04EC0-301F-11D3-BF4B-00C04F79EFBC}") = "Patterns.Infrastructure", "Patterns.Infrastructure\Patterns.Infrastructure.csproj", "{30D415EA-9280-42BA-8952-49B5C62380C0}"
EndProject
Project("{FAE04EC0-301F-11D3-BF4B-00C04F79EFBC}") = "Patterns.Test", "Patterns.Test\Patterns.Test.csproj", "{C31D27D2-27C9-4A99-83B9-76B1FEF87190}"
EndProject
Global
	GlobalSection(SolutionConfigurationPlatforms) = preSolution
		Debug|Any CPU = Debug|Any CPU
		Release|Any CPU = Release|Any CPU
	EndGlobalSection
	GlobalSection(ProjectConfigurationPlatforms) = postSolution
		{F09D8F06-94E8-4E47-A755-CDF1A5A95C2A}.Debug|Any CPU.ActiveCfg = Debug|Any CPU
		{F09D8F06-94E8-4E47-A755-CDF1A5A95C2A}.Debug|Any CPU.Build.0 = Debug|Any CPU
		{F09D8F06-94E8-4E47-A755-CDF1A5A95C2A}.Release|Any CPU.ActiveCfg = Release|Any CPU
		{F09D8F06-94E8-4E47-A755-CDF1A5A95C2A}.Release|Any CPU.Build.0 = Release|Any CPU
		{30D415EA-9280-42BA-8952-49B5C62380C0}.Debug|Any CPU.ActiveCfg = Debug|Any CPU
		{30D415EA-9280-42BA-8952-49B5C62380C0}.Debug|Any CPU.Build.0 = Debug|Any CPU
		{30D415EA-9280-42BA-8952-49B5C62380C0}.Release|Any CPU.ActiveCfg = Release|Any CPU
		{30D415EA-9280-42BA-8952-49B5C62380C0}.Release|Any CPU.Build.0 = Release|Any CPU
		{C31D27D2-27C9-4A99-83B9-76B1FEF87190}.Debug|Any CPU.ActiveCfg = Debug|Any CPU
		{C31D27D2-27C9-4A99-83B9-76B1FEF87190}.Debug|Any CPU.Build.0 = Debug|Any CPU
		{C31D27D2-27C9-4A99-83B9-76B1FEF87190}.Release|Any CPU.ActiveCfg = Release|Any CPU
		{C31D27D2-27C9-4A99-83B9-76B1FEF87190}.Release|Any CPU.Build.0 = Release|Any CPU
	EndGlobalSection
	GlobalSection(SolutionProperties) = preSolution
		HideSolutionNode = FALSE
	EndGlobalSection
	GlobalSection(ExtensibilityGlobals) = postSolution
		SolutionGuid = {B8AA1462-F74E-4C52-84DA-A5786360B29D}
	EndGlobalSection
EndGlobal
